
Microsoft Visual Studio Solution File, Format Version 11.00
# Visual Studio 2010
Project("{FAE04EC0-301F-11D3-BF4B-00C04F79EFBC}") = "örnek 3", "örnek 3\örnek 3.csproj", "{1549C8C1-02F7-4FEA-9AA9-DC1418567985}"
EndProject
Global
	GlobalSection(SolutionConfigurationPlatforms) = preSolution
		Debug|x86 = Debug|x86
		Release|x86 = Release|x86
	EndGlobalSection
	GlobalSection(ProjectConfigurationPlatforms) = postSolution
		{1549C8C1-02F7-4FEA-9AA9-DC1418567985}.Debug|x86.ActiveCfg = Debug|x86
		{1549C8C1-02F7-4FEA-9AA9-DC1418567985}.Debug|x86.Build.0 = Debug|x86
		{1549C8C1-02F7-4FEA-9AA9-DC1418567985}.Release|x86.ActiveCfg = Release|x86
		{1549C8C1-02F7-4FEA-9AA9-DC1418567985}.Release|x86.Build.0 = Release|x86
	EndGlobalSection
	GlobalSection(SolutionProperties) = preSolution
		HideSolutionNode = FALSE
	EndGlobalSection
EndGlobal
